
Microsoft Visual Studio Solution File, Format Version 12.00
# Visual Studio Version 17
VisualStudioVersion = 17.1.32414.318
MinimumVisualStudioVersion = 10.0.40219.1
Project("{9A19103F-16F7-4668-BE54-9A1E7A4F7556}") = "Employee_CRUD.UI", "Employee_CRUD.UI\Employee_CRUD.UI.csproj", "{1A28D5DD-5F1D-400D-A22A-A0EDE9EBAFE9}"
EndProject
Project("{9A19103F-16F7-4668-BE54-9A1E7A4F7556}") = "Employee_CRUD.Domain", "Employee_CRUD.Domain\Employee_CRUD.Domain.csproj", "{F49F7D58-E917-4A0C-9A92-FAF79973B725}"
EndProject
Project("{9A19103F-16F7-4668-BE54-9A1E7A4F7556}") = "Employee_CRUD.Domain.Tests", "Employee_CRUD.UI.Tests\Employee_CRUD.Domain.Tests.csproj", "{FA2B7E44-F402-4ACE-A34C-6266B61FF7C2}"
EndProject
Global
	GlobalSection(SolutionConfigurationPlatforms) = preSolution
		Debug|Any CPU = Debug|Any CPU
		Release|Any CPU = Release|Any CPU
	EndGlobalSection
	GlobalSection(ProjectConfigurationPlatforms) = postSolution
		{1A28D5DD-5F1D-400D-A22A-A0EDE9EBAFE9}.Debug|Any CPU.ActiveCfg = Debug|Any CPU
		{1A28D5DD-5F1D-400D-A22A-A0EDE9EBAFE9}.Debug|Any CPU.Build.0 = Debug|Any CPU
		{1A28D5DD-5F1D-400D-A22A-A0EDE9EBAFE9}.Release|Any CPU.ActiveCfg = Release|Any CPU
		{1A28D5DD-5F1D-400D-A22A-A0EDE9EBAFE9}.Release|Any CPU.Build.0 = Release|Any CPU
		{F49F7D58-E917-4A0C-9A92-FAF79973B725}.Debug|Any CPU.ActiveCfg = Debug|Any CPU
		{F49F7D58-E917-4A0C-9A92-FAF79973B725}.Debug|Any CPU.Build.0 = Debug|Any CPU
		{F49F7D58-E917-4A0C-9A92-FAF79973B725}.Release|Any CPU.ActiveCfg = Release|Any CPU
		{F49F7D58-E917-4A0C-9A92-FAF79973B725}.Release|Any CPU.Build.0 = Release|Any CPU
		{FA2B7E44-F402-4ACE-A34C-6266B61FF7C2}.Debug|Any CPU.ActiveCfg = Debug|Any CPU
		{FA2B7E44-F402-4ACE-A34C-6266B61FF7C2}.Debug|Any CPU.Build.0 = Debug|Any CPU
		{FA2B7E44-F402-4ACE-A34C-6266B61FF7C2}.Release|Any CPU.ActiveCfg = Release|Any CPU
		{FA2B7E44-F402-4ACE-A34C-6266B61FF7C2}.Release|Any CPU.Build.0 = Release|Any CPU
	EndGlobalSection
	GlobalSection(SolutionProperties) = preSolution
		HideSolutionNode = FALSE
	EndGlobalSection
	GlobalSection(ExtensibilityGlobals) = postSolution
		SolutionGuid = {AB4796C2-F1C1-42F4-902A-9F4337E64044}
	EndGlobalSection
EndGlobal
